{
  "name": "@sven.wong/rotated-multiring",
  "version": "0.0.7",
  "lockfileVersion": 1,
  "requires": true,
  "dependencies": {
    "bcore": {
      "version": "0.0.18",
      "resolved": "https://registry.npmjs.org/bcore/-/bcore-0.0.18.tgz",
      "integrity": "sha512-V/0ZDys/GuUEZ+/FM1Lc6f5yYYdDBbAlVOBPPfETIYuRfXkBVVbVcLm51fbk7b8cpXhW9X4P2SU1gzGN3v7c6g=="
    },
    "jquery": {
      "version": "2.1.4",
      "resolved": "https://registry.npmjs.org/jquery/-/jquery-2.1.4.tgz",
      "integrity": "sha512-wWR+eCq/T/Qt0NcFyM+QVho0ZVzWxFYANijmSMImXiM5mjr1aOaf4SF0eOEPc92bbK2L2vDpxw3lIszus7eO8Q=="
    },
    "lodash": {
      "version": "4.6.1",
      "resolved": "https://registry.npmjs.org/lodash/-/lodash-4.6.1.tgz",
      "integrity": "sha512-85DFrB4TYPwVZbZw/HCGnmRUdDQOxGJuDmSfZ9OQEESdFJ1NxlYLoQObfHJGr+UsWwmVQhwG2iPmUCi6+eKzUg=="
    }
  }
}
